// !$*UTF8*$!
{
	archiveVersion = 1;
	classes = {
	};
	objectVersion = 56;
	objects = {

/* Begin PBXBuildFile section */
		5E36534D2AAAE71C00F51CC3 /* NBAssetDataCollectLib.xcframework in Frameworks */ = {isa = PBXBuildFile; fileRef = 5E36534B2AAAE71C00F51CC3 /* NBAssetDataCollectLib.xcframework */; };
		5E36534E2AAAE71C00F51CC3 /* NBAssetDataCollectLib.xcframework in Embed Frameworks */ = {isa = PBXBuildFile; fileRef = 5E36534B2AAAE71C00F51CC3 /* NBAssetDataCollectLib.xcframework */; settings = {ATTRIBUTES = (CodeSignOnCopy, RemoveHeadersOnCopy, ); }; };
		5E36534F2AAAE71C00F51CC3 /* NBAssetTracking.xcframework in Frameworks */ = {isa = PBXBuildFile; fileRef = 5E36534C2AAAE71C00F51CC3 /* NBAssetTracking.xcframework */; };
		5E3653502AAAE71C00F51CC3 /* NBAssetTracking.xcframework in Embed Frameworks */ = {isa = PBXBuildFile; fileRef = 5E36534C2AAAE71C00F51CC3 /* NBAssetTracking.xcframework */; settings = {ATTRIBUTES = (CodeSignOnCopy, RemoveHeadersOnCopy, ); }; };
		5E3653532AAAE81800F51CC3 /* ExampleOverviewController.swift in Sources */ = {isa = PBXBuildFile; fileRef = 5E3653522AAAE81800F51CC3 /* ExampleOverviewController.swift */; };
		5E36535F2AAAE8BF00F51CC3 /* UpdateConfigurationViewController.swift in Sources */ = {isa = PBXBuildFile; fileRef = 5E3653562AAAE8BF00F51CC3 /* UpdateConfigurationViewController.swift */; };
		5E3653602AAAE8BF00F51CC3 /* ViewModel.swift in Sources */ = {isa = PBXBuildFile; fileRef = 5E3653572AAAE8BF00F51CC3 /* ViewModel.swift */; };
		5E3653612AAAE8BF00F51CC3 /* SimpleTrackingViewController.swift in Sources */ = {isa = PBXBuildFile; fileRef = 5E3653582AAAE8BF00F51CC3 /* SimpleTrackingViewController.swift */; };
		5E3653622AAAE8BF00F51CC3 /* Constants.swift in Sources */ = {isa = PBXBuildFile; fileRef = 5E3653592AAAE8BF00F51CC3 /* Constants.swift */; };
		5E3653642AAAE8BF00F51CC3 /* SetProfileViewController.swift in Sources */ = {isa = PBXBuildFile; fileRef = 5E36535B2AAAE8BF00F51CC3 /* SetProfileViewController.swift */; };
		5E3653652AAAE8BF00F51CC3 /* AssetOperationViewController.swift in Sources */ = {isa = PBXBuildFile; fileRef = 5E36535C2AAAE8BF00F51CC3 /* AssetOperationViewController.swift */; };
		5E3653662AAAE8BF00F51CC3 /* ToastView.swift in Sources */ = {isa = PBXBuildFile; fileRef = 5E36535D2AAAE8BF00F51CC3 /* ToastView.swift */; };
		5E3653672AAAE8BF00F51CC3 /* GetAssetCallbackViewController.swift in Sources */ = {isa = PBXBuildFile; fileRef = 5E36535E2AAAE8BF00F51CC3 /* GetAssetCallbackViewController.swift */; };
		5E3653692AAAE9AC00F51CC3 /* ExtendedTrackingViewController.swift in Sources */ = {isa = PBXBuildFile; fileRef = 5E3653682AAAE9AC00F51CC3 /* ExtendedTrackingViewController.swift */; };
		5E36536B2AAAEC5700F51CC3 /* MMKV.xcframework in Frameworks */ = {isa = PBXBuildFile; fileRef = 5E36536A2AAAEC5600F51CC3 /* MMKV.xcframework */; };
		5E36536C2AAAEC5700F51CC3 /* MMKV.xcframework in Embed Frameworks */ = {isa = PBXBuildFile; fileRef = 5E36536A2AAAEC5600F51CC3 /* MMKV.xcframework */; settings = {ATTRIBUTES = (CodeSignOnCopy, RemoveHeadersOnCopy, ); }; };
		5EA70B902AA8569400760364 /* AppDelegate.swift in Sources */ = {isa = PBXBuildFile; fileRef = 5EA70B8F2AA8569400760364 /* AppDelegate.swift */; };
		5EA70B922AA8569400760364 /* SceneDelegate.swift in Sources */ = {isa = PBXBuildFile; fileRef = 5EA70B912AA8569400760364 /* SceneDelegate.swift */; };
		5EA70B972AA8569400760364 /* Main.storyboard in Resources */ = {isa = PBXBuildFile; fileRef = 5EA70B952AA8569400760364 /* Main.storyboard */; };
		5EA70B992AA8569500760364 /* Assets.xcassets in Resources */ = {isa = PBXBuildFile; fileRef = 5EA70B982AA8569500760364 /* Assets.xcassets */; };
		5EA70B9C2AA8569500760364 /* LaunchScreen.storyboard in Resources */ = {isa = PBXBuildFile; fileRef = 5EA70B9A2AA8569500760364 /* LaunchScreen.storyboard */; };
		5EA70BA72AA8569500760364 /* AssetTrackingExampleTests.swift in Sources */ = {isa = PBXBuildFile; fileRef = 5EA70BA62AA8569500760364 /* AssetTrackingExampleTests.swift */; };
		5EA70BB12AA8569500760364 /* AssetTrackingExampleUITests.swift in Sources */ = {isa = PBXBuildFile; fileRef = 5EA70BB02AA8569500760364 /* AssetTrackingExampleUITests.swift */; };
		5EA70BB32AA8569500760364 /* AssetTrackingExampleUITestsLaunchTests.swift in Sources */ = {isa = PBXBuildFile; fileRef = 5EA70BB22AA8569500760364 /* AssetTrackingExampleUITestsLaunchTests.swift */; };
/* End PBXBuildFile section */

/* Begin PBXContainerItemProxy section */
		5EA70BA32AA8569500760364 /* PBXContainerItemProxy */ = {
			isa = PBXContainerItemProxy;
			containerPortal = 5EA70B842AA8569400760364 /* Project object */;
			proxyType = 1;
			remoteGlobalIDString = 5EA70B8B2AA8569400760364;
			remoteInfo = AssetTrackingExample;
		};
		5EA70BAD2AA8569500760364 /* PBXContainerItemProxy */ = {
			isa = PBXContainerItemProxy;
			containerPortal = 5EA70B842AA8569400760364 /* Project object */;
			proxyType = 1;
			remoteGlobalIDString = 5EA70B8B2AA8569400760364;
			remoteInfo = AssetTrackingExample;
		};
/* End PBXContainerItemProxy section */

/* Begin PBXCopyFilesBuildPhase section */
		5E3653512AAAE71C00F51CC3 /* Embed Frameworks */ = {
			isa = PBXCopyFilesBuildPhase;
			buildActionMask = 2147483647;
			dstPath = "";
			dstSubfolderSpec = 10;
			files = (
				5E36534E2AAAE71C00F51CC3 /* NBAssetDataCollectLib.xcframework in Embed Frameworks */,
				5E3653502AAAE71C00F51CC3 /* NBAssetTracking.xcframework in Embed Frameworks */,
				5E36536C2AAAEC5700F51CC3 /* MMKV.xcframework in Embed Frameworks */,
			);
			name = "Embed Frameworks";
			runOnlyForDeploymentPostprocessing = 0;
		};
/* End PBXCopyFilesBuildPhase section */

/* Begin PBXFileReference section */
		5E36534B2AAAE71C00F51CC3 /* NBAssetDataCollectLib.xcframework */ = {isa = PBXFileReference; lastKnownFileType = wrapper.xcframework; name = NBAssetDataCollectLib.xcframework; path = Carthage/Build/NBAssetDataCollectLib.xcframework; sourceTree = "<group>"; };
		5E36534C2AAAE71C00F51CC3 /* NBAssetTracking.xcframework */ = {isa = PBXFileReference; lastKnownFileType = wrapper.xcframework; name = NBAssetTracking.xcframework; path = Carthage/Build/NBAssetTracking.xcframework; sourceTree = "<group>"; };
		5E3653522AAAE81800F51CC3 /* ExampleOverviewController.swift */ = {isa = PBXFileReference; lastKnownFileType = sourcecode.swift; path = ExampleOverviewController.swift; sourceTree = "<group>"; };
		5E3653562AAAE8BF00F51CC3 /* UpdateConfigurationViewController.swift */ = {isa = PBXFileReference; fileEncoding = 4; lastKnownFileType = sourcecode.swift; path = UpdateConfigurationViewController.swift; sourceTree = "<group>"; };
		5E3653572AAAE8BF00F51CC3 /* ViewModel.swift */ = {isa = PBXFileReference; fileEncoding = 4; lastKnownFileType = sourcecode.swift; path = ViewModel.swift; sourceTree = "<group>"; };
		5E3653582AAAE8BF00F51CC3 /* SimpleTrackingViewController.swift */ = {isa = PBXFileReference; fileEncoding = 4; lastKnownFileType = sourcecode.swift; path = SimpleTrackingViewController.swift; sourceTree = "<group>"; };
		5E3653592AAAE8BF00F51CC3 /* Constants.swift */ = {isa = PBXFileReference; fileEncoding = 4; lastKnownFileType = sourcecode.swift; path = Constants.swift; sourceTree = "<group>"; };
		5E36535B2AAAE8BF00F51CC3 /* SetProfileViewController.swift */ = {isa = PBXFileReference; fileEncoding = 4; lastKnownFileType = sourcecode.swift; path = SetProfileViewController.swift; sourceTree = "<group>"; };
		5E36535C2AAAE8BF00F51CC3 /* AssetOperationViewController.swift */ = {isa = PBXFileReference; fileEncoding = 4; lastKnownFileType = sourcecode.swift; path = AssetOperationViewController.swift; sourceTree = "<group>"; };
		5E36535D2AAAE8BF00F51CC3 /* ToastView.swift */ = {isa = PBXFileReference; fileEncoding = 4; lastKnownFileType = sourcecode.swift; path = ToastView.swift; sourceTree = "<group>"; };
		5E36535E2AAAE8BF00F51CC3 /* GetAssetCallbackViewController.swift */ = {isa = PBXFileReference; fileEncoding = 4; lastKnownFileType = sourcecode.swift; path = GetAssetCallbackViewController.swift; sourceTree = "<group>"; };
		5E3653682AAAE9AC00F51CC3 /* ExtendedTrackingViewController.swift */ = {isa = PBXFileReference; lastKnownFileType = sourcecode.swift; path = ExtendedTrackingViewController.swift; sourceTree = "<group>"; };
		5E36536A2AAAEC5600F51CC3 /* MMKV.xcframework */ = {isa = PBXFileReference; lastKnownFileType = wrapper.xcframework; name = MMKV.xcframework; path = Carthage/Build/MMKV.xcframework; sourceTree = "<group>"; };
		5EA70B8C2AA8569400760364 /* AssetTrackingExample.app */ = {isa = PBXFileReference; explicitFileType = wrapper.application; includeInIndex = 0; path = AssetTrackingExample.app; sourceTree = BUILT_PRODUCTS_DIR; };
		5EA70B8F2AA8569400760364 /* AppDelegate.swift */ = {isa = PBXFileReference; lastKnownFileType = sourcecode.swift; path = AppDelegate.swift; sourceTree = "<group>"; };
		5EA70B912AA8569400760364 /* SceneDelegate.swift */ = {isa = PBXFileReference; lastKnownFileType = sourcecode.swift; path = SceneDelegate.swift; sourceTree = "<group>"; };
		5EA70B962AA8569400760364 /* Base */ = {isa = PBXFileReference; lastKnownFileType = file.storyboard; name = Base; path = Base.lproj/Main.storyboard; sourceTree = "<group>"; };
		5EA70B982AA8569500760364 /* Assets.xcassets */ = {isa = PBXFileReference; lastKnownFileType = folder.assetcatalog; path = Assets.xcassets; sourceTree = "<group>"; };
		5EA70B9B2AA8569500760364 /* Base */ = {isa = PBXFileReference; lastKnownFileType = file.storyboard; name = Base; path = Base.lproj/LaunchScreen.storyboard; sourceTree = "<group>"; };
		5EA70B9D2AA8569500760364 /* Info.plist */ = {isa = PBXFileReference; lastKnownFileType = text.plist.xml; path = Info.plist; sourceTree = "<group>"; };
		5EA70BA22AA8569500760364 /* AssetTrackingExampleTests.xctest */ = {isa = PBXFileReference; explicitFileType = wrapper.cfbundle; includeInIndex = 0; path = AssetTrackingExampleTests.xctest; sourceTree = BUILT_PRODUCTS_DIR; };
		5EA70BA62AA8569500760364 /* AssetTrackingExampleTests.swift */ = {isa = PBXFileReference; lastKnownFileType = sourcecode.swift; path = AssetTrackingExampleTests.swift; sourceTree = "<group>"; };
		5EA70BAC2AA8569500760364 /* AssetTrackingExampleUITests.xctest */ = {isa = PBXFileReference; explicitFileType = wrapper.cfbundle; includeInIndex = 0; path = AssetTrackingExampleUITests.xctest; sourceTree = BUILT_PRODUCTS_DIR; };
		5EA70BB02AA8569500760364 /* AssetTrackingExampleUITests.swift */ = {isa = PBXFileReference; lastKnownFileType = sourcecode.swift; path = AssetTrackingExampleUITests.swift; sourceTree = "<group>"; };
		5EA70BB22AA8569500760364 /* AssetTrackingExampleUITestsLaunchTests.swift */ = {isa = PBXFileReference; lastKnownFileType = sourcecode.swift; path = AssetTrackingExampleUITestsLaunchTests.swift; sourceTree = "<group>"; };
/* End PBXFileReference section */

/* Begin PBXFrameworksBuildPhase section */
		5EA70B892AA8569400760364 /* Frameworks */ = {
			isa = PBXFrameworksBuildPhase;
			buildActionMask = 2147483647;
			files = (
				5E36534D2AAAE71C00F51CC3 /* NBAssetDataCollectLib.xcframework in Frameworks */,
				5E36534F2AAAE71C00F51CC3 /* NBAssetTracking.xcframework in Frameworks */,
				5E36536B2AAAEC5700F51CC3 /* MMKV.xcframework in Frameworks */,
			);
			runOnlyForDeploymentPostprocessing = 0;
		};
		5EA70B9F2AA8569500760364 /* Frameworks */ = {
			isa = PBXFrameworksBuildPhase;
			buildActionMask = 2147483647;
			files = (
			);
			runOnlyForDeploymentPostprocessing = 0;
		};
		5EA70BA92AA8569500760364 /* Frameworks */ = {
			isa = PBXFrameworksBuildPhase;
			buildActionMask = 2147483647;
			files = (
			);
			runOnlyForDeploymentPostprocessing = 0;
		};
/* End PBXFrameworksBuildPhase section */

/* Begin PBXGroup section */
		5E36534A2AAAE71C00F51CC3 /* Frameworks */ = {
			isa = PBXGroup;
			children = (
				5E36536A2AAAEC5600F51CC3 /* MMKV.xcframework */,
				5E36534B2AAAE71C00F51CC3 /* NBAssetDataCollectLib.xcframework */,
				5E36534C2AAAE71C00F51CC3 /* NBAssetTracking.xcframework */,
			);
			name = Frameworks;
			sourceTree = "<group>";
		};
		5EA70B832AA8569400760364 = {
			isa = PBXGroup;
			children = (
				5EA70B8E2AA8569400760364 /* AssetTrackingExample */,
				5EA70BA52AA8569500760364 /* AssetTrackingExampleTests */,
				5EA70BAF2AA8569500760364 /* AssetTrackingExampleUITests */,
				5EA70B8D2AA8569400760364 /* Products */,
				5E36534A2AAAE71C00F51CC3 /* Frameworks */,
			);
			sourceTree = "<group>";
		};
		5EA70B8D2AA8569400760364 /* Products */ = {
			isa = PBXGroup;
			children = (
				5EA70B8C2AA8569400760364 /* AssetTrackingExample.app */,
				5EA70BA22AA8569500760364 /* AssetTrackingExampleTests.xctest */,
				5EA70BAC2AA8569500760364 /* AssetTrackingExampleUITests.xctest */,
			);
			name = Products;
			sourceTree = "<group>";
		};
		5EA70B8E2AA8569400760364 /* AssetTrackingExample */ = {
			isa = PBXGroup;
			children = (
				5EA70B8F2AA8569400760364 /* AppDelegate.swift */,
				5EA70B912AA8569400760364 /* SceneDelegate.swift */,
				5E36535C2AAAE8BF00F51CC3 /* AssetOperationViewController.swift */,
				5E3653592AAAE8BF00F51CC3 /* Constants.swift */,
				5E36535E2AAAE8BF00F51CC3 /* GetAssetCallbackViewController.swift */,
				5E36535B2AAAE8BF00F51CC3 /* SetProfileViewController.swift */,
				5E3653582AAAE8BF00F51CC3 /* SimpleTrackingViewController.swift */,
				5E36535D2AAAE8BF00F51CC3 /* ToastView.swift */,
				5E3653562AAAE8BF00F51CC3 /* UpdateConfigurationViewController.swift */,
				5E3653572AAAE8BF00F51CC3 /* ViewModel.swift */,
				5EA70B952AA8569400760364 /* Main.storyboard */,
				5EA70B982AA8569500760364 /* Assets.xcassets */,
				5EA70B9A2AA8569500760364 /* LaunchScreen.storyboard */,
				5EA70B9D2AA8569500760364 /* Info.plist */,
				5E3653522AAAE81800F51CC3 /* ExampleOverviewController.swift */,
				5E3653682AAAE9AC00F51CC3 /* ExtendedTrackingViewController.swift */,
			);
			path = AssetTrackingExample;
			sourceTree = "<group>";
		};
		5EA70BA52AA8569500760364 /* AssetTrackingExampleTests */ = {
			isa = PBXGroup;
			children = (
				5EA70BA62AA8569500760364 /* AssetTrackingExampleTests.swift */,
			);
			path = AssetTrackingExampleTests;
			sourceTree = "<group>";
		};
		5EA70BAF2AA8569500760364 /* AssetTrackingExampleUITests */ = {
			isa = PBXGroup;
			children = (
				5EA70BB02AA8569500760364 /* AssetTrackingExampleUITests.swift */,
				5EA70BB22AA8569500760364 /* AssetTrackingExampleUITestsLaunchTests.swift */,
			);
			path = AssetTrackingExampleUITests;
			sourceTree = "<group>";
		};
/* End PBXGroup section */

/* Begin PBXNativeTarget section */
		5EA70B8B2AA8569400760364 /* AssetTrackingExample */ = {
			isa = PBXNativeTarget;
			buildConfigurationList = 5EA70BB62AA8569500760364 /* Build configuration list for PBXNativeTarget "AssetTrackingExample" */;
			buildPhases = (
				5EA70B882AA8569400760364 /* Sources */,
				5EA70B892AA8569400760364 /* Frameworks */,
				5EA70B8A2AA8569400760364 /* Resources */,
				5E3653512AAAE71C00F51CC3 /* Embed Frameworks */,
			);
			buildRules = (
			);
			dependencies = (
			);
			name = AssetTrackingExample;
			productName = AssetTrackingExample;
			productReference = 5EA70B8C2AA8569400760364 /* AssetTrackingExample.app */;
			productType = "com.apple.product-type.application";
		};
		5EA70BA12AA8569500760364 /* AssetTrackingExampleTests */ = {
			isa = PBXNativeTarget;
			buildConfigurationList = 5EA70BB92AA8569500760364 /* Build configuration list for PBXNativeTarget "AssetTrackingExampleTests" */;
			buildPhases = (
				5EA70B9E2AA8569500760364 /* Sources */,
				5EA70B9F2AA8569500760364 /* Frameworks */,
				5EA70BA02AA8569500760364 /* Resources */,
			);
			buildRules = (
			);
			dependencies = (
				5EA70BA42AA8569500760364 /* PBXTargetDependency */,
			);
			name = AssetTrackingExampleTests;
			productName = AssetTrackingExampleTests;
			productReference = 5EA70BA22AA8569500760364 /* AssetTrackingExampleTests.xctest */;
			productType = "com.apple.product-type.bundle.unit-test";
		};
		5EA70BAB2AA8569500760364 /* AssetTrackingExampleUITests */ = {
			isa = PBXNativeTarget;
			buildConfigurationList = 5EA70BBC2AA8569500760364 /* Build configuration list for PBXNativeTarget "AssetTrackingExampleUITests" */;
			buildPhases = (
				5EA70BA82AA8569500760364 /* Sources */,
				5EA70BA92AA8569500760364 /* Frameworks */,
				5EA70BAA2AA8569500760364 /* Resources */,
			);
			buildRules = (
			);
			dependencies = (
				5EA70BAE2AA8569500760364 /* PBXTargetDependency */,
			);
			name = AssetTrackingExampleUITests;
			productName = AssetTrackingExampleUITests;
			productReference = 5EA70BAC2AA8569500760364 /* AssetTrackingExampleUITests.xctest */;
			productType = "com.apple.product-type.bundle.ui-testing";
		};
/* End PBXNativeTarget section */

/* Begin PBXProject section */
		5EA70B842AA8569400760364 /* Project object */ = {
			isa = PBXProject;
			attributes = {
				BuildIndependentTargetsInParallel = 1;
				LastSwiftUpdateCheck = 1430;
				LastUpgradeCheck = 1430;
				TargetAttributes = {
					5EA70B8B2AA8569400760364 = {
						CreatedOnToolsVersion = 14.3.1;
					};
					5EA70BA12AA8569500760364 = {
						CreatedOnToolsVersion = 14.3.1;
						TestTargetID = 5EA70B8B2AA8569400760364;
					};
					5EA70BAB2AA8569500760364 = {
						CreatedOnToolsVersion = 14.3.1;
						TestTargetID = 5EA70B8B2AA8569400760364;
					};
				};
			};
			buildConfigurationList = 5EA70B872AA8569400760364 /* Build configuration list for PBXProject "AssetTrackingExample" */;
			compatibilityVersion = "Xcode 14.0";
			developmentRegion = en;
			hasScannedForEncodings = 0;
			knownRegions = (
				en,
				Base,
			);
			mainGroup = 5EA70B832AA8569400760364;
			productRefGroup = 5EA70B8D2AA8569400760364 /* Products */;
			projectDirPath = "";
			projectRoot = "";
			targets = (
				5EA70B8B2AA8569400760364 /* AssetTrackingExample */,
				5EA70BA12AA8569500760364 /* AssetTrackingExampleTests */,
				5EA70BAB2AA8569500760364 /* AssetTrackingExampleUITests */,
			);
		};
/* End PBXProject section */

/* Begin PBXResourcesBuildPhase section */
		5EA70B8A2AA8569400760364 /* Resources */ = {
			isa = PBXResourcesBuildPhase;
			buildActionMask = 2147483647;
			files = (
				5EA70B9C2AA8569500760364 /* LaunchScreen.storyboard in Resources */,
				5EA70B992AA8569500760364 /* Assets.xcassets in Resources */,
				5EA70B972AA8569400760364 /* Main.storyboard in Resources */,
			);
			runOnlyForDeploymentPostprocessing = 0;
		};
		5EA70BA02AA8569500760364 /* Resources */ = {
			isa = PBXResourcesBuildPhase;
			buildActionMask = 2147483647;
			files = (
			);
			runOnlyForDeploymentPostprocessing = 0;
		};
		5EA70BAA2AA8569500760364 /* Resources */ = {
			isa = PBXResourcesBuildPhase;
			buildActionMask = 2147483647;
			files = (
			);
			runOnlyForDeploymentPostprocessing = 0;
		};
/* End PBXResourcesBuildPhase section */

/* Begin PBXSourcesBuildPhase section */
		5EA70B882AA8569400760364 /* Sources */ = {
			isa = PBXSourcesBuildPhase;
			buildActionMask = 2147483647;
			files = (
				5E3653612AAAE8BF00F51CC3 /* SimpleTrackingViewController.swift in Sources */,
				5E3653642AAAE8BF00F51CC3 /* SetProfileViewController.swift in Sources */,
				5E3653532AAAE81800F51CC3 /* ExampleOverviewController.swift in Sources */,
				5E3653662AAAE8BF00F51CC3 /* ToastView.swift in Sources */,
				5E36535F2AAAE8BF00F51CC3 /* UpdateConfigurationViewController.swift in Sources */,
				5EA70B902AA8569400760364 /* AppDelegate.swift in Sources */,
				5E3653602AAAE8BF00F51CC3 /* ViewModel.swift in Sources */,
				5EA70B922AA8569400760364 /* SceneDelegate.swift in Sources */,
				5E3653692AAAE9AC00F51CC3 /* ExtendedTrackingViewController.swift in Sources */,
				5E3653652AAAE8BF00F51CC3 /* AssetOperationViewController.swift in Sources */,
				5E3653672AAAE8BF00F51CC3 /* GetAssetCallbackViewController.swift in Sources */,
				5E3653622AAAE8BF00F51CC3 /* Constants.swift in Sources */,
			);
			runOnlyForDeploymentPostprocessing = 0;
		};
		5EA70B9E2AA8569500760364 /* Sources */ = {
			isa = PBXSourcesBuildPhase;
			buildActionMask = 2147483647;
			files = (
				5EA70BA72AA8569500760364 /* AssetTrackingExampleTests.swift in Sources */,
			);
			runOnlyForDeploymentPostprocessing = 0;
		};
		5EA70BA82AA8569500760364 /* Sources */ = {
			isa = PBXSourcesBuildPhase;
			buildActionMask = 2147483647;
			files = (
				5EA70BB12AA8569500760364 /* AssetTrackingExampleUITests.swift in Sources */,
				5EA70BB32AA8569500760364 /* AssetTrackingExampleUITestsLaunchTests.swift in Sources */,
			);
			runOnlyForDeploymentPostprocessing = 0;
		};
/* End PBXSourcesBuildPhase section */

/* Begin PBXTargetDependency section */
		5EA70BA42AA8569500760364 /* PBXTargetDependency */ = {
			isa = PBXTargetDependency;
			target = 5EA70B8B2AA8569400760364 /* AssetTrackingExample */;
			targetProxy = 5EA70BA32AA8569500760364 /* PBXContainerItemProxy */;
		};
		5EA70BAE2AA8569500760364 /* PBXTargetDependency */ = {
			isa = PBXTargetDependency;
			target = 5EA70B8B2AA8569400760364 /* AssetTrackingExample */;
			targetProxy = 5EA70BAD2AA8569500760364 /* PBXContainerItemProxy */;
		};
/* End PBXTargetDependency section */

/* Begin PBXVariantGroup section */
		5EA70B952AA8569400760364 /* Main.storyboard */ = {
			isa = PBXVariantGroup;
			children = (
				5EA70B962AA8569400760364 /* Base */,
			);
			name = Main.storyboard;
			sourceTree = "<group>";
		};
		5EA70B9A2AA8569500760364 /* LaunchScreen.storyboard */ = {
			isa = PBXVariantGroup;
			children = (
				5EA70B9B2AA8569500760364 /* Base */,
			);
			name = LaunchScreen.storyboard;
			sourceTree = "<group>";
		};
/* End PBXVariantGroup section */

/* Begin XCBuildConfiguration section */
		5EA70BB42AA8569500760364 /* Debug */ = {
			isa = XCBuildConfiguration;
			buildSettings = {
				ALWAYS_SEARCH_USER_PATHS = NO;
				CLANG_ANALYZER_NONNULL = YES;
				CLANG_ANALYZER_NUMBER_OBJECT_CONVERSION = YES_AGGRESSIVE;
				CLANG_CXX_LANGUAGE_STANDARD = "gnu++20";
				CLANG_ENABLE_MODULES = YES;
				CLANG_ENABLE_OBJC_ARC = YES;
				CLANG_ENABLE_OBJC_WEAK = YES;
				CLANG_WARN_BLOCK_CAPTURE_AUTORELEASING = YES;
				CLANG_WARN_BOOL_CONVERSION = YES;
				CLANG_WARN_COMMA = YES;
				CLANG_WARN_CONSTANT_CONVERSION = YES;
				CLANG_WARN_DEPRECATED_OBJC_IMPLEMENTATIONS = YES;
				CLANG_WARN_DIRECT_OBJC_ISA_USAGE = YES_ERROR;
				CLANG_WARN_DOCUMENTATION_COMMENTS = YES;
				CLANG_WARN_EMPTY_BODY = YES;
				CLANG_WARN_ENUM_CONVERSION = YES;
				CLANG_WARN_INFINITE_RECURSION = YES;
				CLANG_WARN_INT_CONVERSION = YES;
				CLANG_WARN_NON_LITERAL_NULL_CONVERSION = YES;
				CLANG_WARN_OBJC_IMPLICIT_RETAIN_SELF = YES;
				CLANG_WARN_OBJC_LITERAL_CONVERSION = YES;
				CLANG_WARN_OBJC_ROOT_CLASS = YES_ERROR;
				CLANG_WARN_QUOTED_INCLUDE_IN_FRAMEWORK_HEADER = YES;
				CLANG_WARN_RANGE_LOOP_ANALYSIS = YES;
				CLANG_WARN_STRICT_PROTOTYPES = YES;
				CLANG_WARN_SUSPICIOUS_MOVE = YES;
				CLANG_WARN_UNGUARDED_AVAILABILITY = YES_AGGRESSIVE;
				CLANG_WARN_UNREACHABLE_CODE = YES;
				CLANG_WARN__DUPLICATE_METHOD_MATCH = YES;
				COPY_PHASE_STRIP = NO;
				DEBUG_INFORMATION_FORMAT = dwarf;
				ENABLE_STRICT_OBJC_MSGSEND = YES;
				ENABLE_TESTABILITY = YES;
				GCC_C_LANGUAGE_STANDARD = gnu11;
				GCC_DYNAMIC_NO_PIC = NO;
				GCC_NO_COMMON_BLOCKS = YES;
				GCC_OPTIMIZATION_LEVEL = 0;
				GCC_PREPROCESSOR_DEFINITIONS = (
					"DEBUG=1",
					"$(inherited)",
				);
				GCC_WARN_64_TO_32_BIT_CONVERSION = YES;
				GCC_WARN_ABOUT_RETURN_TYPE = YES_ERROR;
				GCC_WARN_UNDECLARED_SELECTOR = YES;
				GCC_WARN_UNINITIALIZED_AUTOS = YES_AGGRESSIVE;
				GCC_WARN_UNUSED_FUNCTION = YES;
				GCC_WARN_UNUSED_VARIABLE = YES;
				IPHONEOS_DEPLOYMENT_TARGET = 12;
				MTL_ENABLE_DEBUG_INFO = INCLUDE_SOURCE;
				MTL_FAST_MATH = YES;
				ONLY_ACTIVE_ARCH = YES;
				SDKROOT = iphoneos;
				SWIFT_ACTIVE_COMPILATION_CONDITIONS = DEBUG;
				SWIFT_OPTIMIZATION_LEVEL = "-Onone";
			};
			name = Debug;
		};
		5EA70BB52AA8569500760364 /* Release */ = {
			isa = XCBuildConfiguration;
			buildSettings = {
				ALWAYS_SEARCH_USER_PATHS = NO;
				CLANG_ANALYZER_NONNULL = YES;
				CLANG_ANALYZER_NUMBER_OBJECT_CONVERSION = YES_AGGRESSIVE;
				CLANG_CXX_LANGUAGE_STANDARD = "gnu++20";
				CLANG_ENABLE_MODULES = YES;
				CLANG_ENABLE_OBJC_ARC = YES;
				CLANG_ENABLE_OBJC_WEAK = YES;
				CLANG_WARN_BLOCK_CAPTURE_AUTORELEASING = YES;
				CLANG_WARN_BOOL_CONVERSION = YES;
				CLANG_WARN_COMMA = YES;
				CLANG_WARN_CONSTANT_CONVERSION = YES;
				CLANG_WARN_DEPRECATED_OBJC_IMPLEMENTATIONS = YES;
				CLANG_WARN_DIRECT_OBJC_ISA_USAGE = YES_ERROR;
				CLANG_WARN_DOCUMENTATION_COMMENTS = YES;
				CLANG_WARN_EMPTY_BODY = YES;
				CLANG_WARN_ENUM_CONVERSION = YES;
				CLANG_WARN_INFINITE_RECURSION = YES;
				CLANG_WARN_INT_CONVERSION = YES;
				CLANG_WARN_NON_LITERAL_NULL_CONVERSION = YES;
				CLANG_WARN_OBJC_IMPLICIT_RETAIN_SELF = YES;
				CLANG_WARN_OBJC_LITERAL_CONVERSION = YES;
				CLANG_WARN_OBJC_ROOT_CLASS = YES_ERROR;
				CLANG_WARN_QUOTED_INCLUDE_IN_FRAMEWORK_HEADER = YES;
				CLANG_WARN_RANGE_LOOP_ANALYSIS = YES;
				CLANG_WARN_STRICT_PROTOTYPES = YES;
				CLANG_WARN_SUSPICIOUS_MOVE = YES;
				CLANG_WARN_UNGUARDED_AVAILABILITY = YES_AGGRESSIVE;
				CLANG_WARN_UNREACHABLE_CODE = YES;
				CLANG_WARN__DUPLICATE_METHOD_MATCH = YES;
				COPY_PHASE_STRIP = NO;
				DEBUG_INFORMATION_FORMAT = "dwarf-with-dsym";
				ENABLE_NS_ASSERTIONS = NO;
				ENABLE_STRICT_OBJC_MSGSEND = YES;
				GCC_C_LANGUAGE_STANDARD = gnu11;
				GCC_NO_COMMON_BLOCKS = YES;
				GCC_WARN_64_TO_32_BIT_CONVERSION = YES;
				GCC_WARN_ABOUT_RETURN_TYPE = YES_ERROR;
				GCC_WARN_UNDECLARED_SELECTOR = YES;
				GCC_WARN_UNINITIALIZED_AUTOS = YES_AGGRESSIVE;
				GCC_WARN_UNUSED_FUNCTION = YES;
				GCC_WARN_UNUSED_VARIABLE = YES;
				IPHONEOS_DEPLOYMENT_TARGET = 12;
				MTL_ENABLE_DEBUG_INFO = NO;
				MTL_FAST_MATH = YES;
				SDKROOT = iphoneos;
				SWIFT_COMPILATION_MODE = wholemodule;
				SWIFT_OPTIMIZATION_LEVEL = "-O";
				VALIDATE_PRODUCT = YES;
			};
			name = Release;
		};
		5EA70BB72AA8569500760364 /* Debug */ = {
			isa = XCBuildConfiguration;
			buildSettings = {
				ASSETCATALOG_COMPILER_APPICON_NAME = AppIcon;
				ASSETCATALOG_COMPILER_GLOBAL_ACCENT_COLOR_NAME = AccentColor;
				CODE_SIGN_STYLE = Automatic;
				CURRENT_PROJECT_VERSION = 1;
				DEVELOPMENT_TEAM = YZF69WHR3X;
				GENERATE_INFOPLIST_FILE = YES;
				INFOPLIST_FILE = AssetTrackingExample/Info.plist;
				INFOPLIST_KEY_NSLocationAlwaysAndWhenInUseUsageDescription = "Get user location";
				INFOPLIST_KEY_NSLocationAlwaysUsageDescription = "Get user location";
				INFOPLIST_KEY_NSLocationWhenInUseUsageDescription = "Get user location";
				INFOPLIST_KEY_UIApplicationSupportsIndirectInputEvents = YES;
				INFOPLIST_KEY_UILaunchStoryboardName = LaunchScreen;
				INFOPLIST_KEY_UIMainStoryboardFile = Main;
				INFOPLIST_KEY_UISupportedInterfaceOrientations_iPad = "UIInterfaceOrientationPortrait UIInterfaceOrientationPortraitUpsideDown UIInterfaceOrientationLandscapeLeft UIInterfaceOrientationLandscapeRight";
				INFOPLIST_KEY_UISupportedInterfaceOrientations_iPhone = "UIInterfaceOrientationPortrait UIInterfaceOrientationLandscapeLeft UIInterfaceOrientationLandscapeRight";
				LD_RUNPATH_SEARCH_PATHS = (
					"$(inherited)",
					"@executable_path/Frameworks",
				);
				MARKETING_VERSION = 1.0;
				PRODUCT_BUNDLE_IDENTIFIER = com.nextbillion.ai.AssetTrackingExample;
				PRODUCT_NAME = "$(TARGET_NAME)";
				SWIFT_EMIT_LOC_STRINGS = YES;
				SWIFT_VERSION = 5.0;
				TARGETED_DEVICE_FAMILY = "1,2";
			};
			name = Debug;
		};
		5EA70BB82AA8569500760364 /* Release */ = {
			isa = XCBuildConfiguration;
			buildSettings = {
				ASSETCATALOG_COMPILER_APPICON_NAME = AppIcon;
				ASSETCATALOG_COMPILER_GLOBAL_ACCENT_COLOR_NAME = AccentColor;
				CODE_SIGN_STYLE = Automatic;
				CURRENT_PROJECT_VERSION = 1;
				DEVELOPMENT_TEAM = YZF69WHR3X;
				GENERATE_INFOPLIST_FILE = YES;
				INFOPLIST_FILE = AssetTrackingExample/Info.plist;
				INFOPLIST_KEY_NSLocationAlwaysAndWhenInUseUsageDescription = "Get user location";
				INFOPLIST_KEY_NSLocationAlwaysUsageDescription = "Get user location";
				INFOPLIST_KEY_NSLocationWhenInUseUsageDescription = "Get user location";
				INFOPLIST_KEY_UIApplicationSupportsIndirectInputEvents = YES;
				INFOPLIST_KEY_UILaunchStoryboardName = LaunchScreen;
				INFOPLIST_KEY_UIMainStoryboardFile = Main;
				INFOPLIST_KEY_UISupportedInterfaceOrientations_iPad = "UIInterfaceOrientationPortrait UIInterfaceOrientationPortraitUpsideDown UIInterfaceOrientationLandscapeLeft UIInterfaceOrientationLandscapeRight";
				INFOPLIST_KEY_UISupportedInterfaceOrientations_iPhone = "UIInterfaceOrientationPortrait UIInterfaceOrientationLandscapeLeft UIInterfaceOrientationLandscapeRight";
				LD_RUNPATH_SEARCH_PATHS = (
					"$(inherited)",
					"@executable_path/Frameworks",
				);
				MARKETING_VERSION = 1.0;
				PRODUCT_BUNDLE_IDENTIFIER = com.nextbillion.ai.AssetTrackingExample;
				PRODUCT_NAME = "$(TARGET_NAME)";
				SWIFT_EMIT_LOC_STRINGS = YES;
				SWIFT_VERSION = 5.0;
				TARGETED_DEVICE_FAMILY = "1,2";
			};
			name = Release;
		};
		5EA70BBA2AA8569500760364 /* Debug */ = {
			isa = XCBuildConfiguration;
			buildSettings = {
				ALWAYS_EMBED_SWIFT_STANDARD_LIBRARIES = YES;
				BUNDLE_LOADER = "$(TEST_HOST)";
				CODE_SIGN_STYLE = Automatic;
				CURRENT_PROJECT_VERSION = 1;
				DEVELOPMENT_TEAM = YZF69WHR3X;
				GENERATE_INFOPLIST_FILE = YES;
				IPHONEOS_DEPLOYMENT_TARGET = 16.4;
				MARKETING_VERSION = 1.0;
				PRODUCT_BUNDLE_IDENTIFIER = com.nextbillion.ai.AssetTrackingExampleTests;
				PRODUCT_NAME = "$(TARGET_NAME)";
				SWIFT_EMIT_LOC_STRINGS = NO;
				SWIFT_VERSION = 5.0;
				TARGETED_DEVICE_FAMILY = "1,2";
				TEST_HOST = "$(BUILT_PRODUCTS_DIR)/AssetTrackingExample.app/$(BUNDLE_EXECUTABLE_FOLDER_PATH)/AssetTrackingExample";
			};
			name = Debug;
		};
		5EA70BBB2AA8569500760364 /* Release */ = {
			isa = XCBuildConfiguration;
			buildSettings = {
				ALWAYS_EMBED_SWIFT_STANDARD_LIBRARIES = YES;
				BUNDLE_LOADER = "$(TEST_HOST)";
				CODE_SIGN_STYLE = Automatic;
				CURRENT_PROJECT_VERSION = 1;
				DEVELOPMENT_TEAM = YZF69WHR3X;
				GENERATE_INFOPLIST_FILE = YES;
				IPHONEOS_DEPLOYMENT_TARGET = 16.4;
				MARKETING_VERSION = 1.0;
				PRODUCT_BUNDLE_IDENTIFIER = com.nextbillion.ai.AssetTrackingExampleTests;
				PRODUCT_NAME = "$(TARGET_NAME)";
				SWIFT_EMIT_LOC_STRINGS = NO;
				SWIFT_VERSION = 5.0;
				TARGETED_DEVICE_FAMILY = "1,2";
				TEST_HOST = "$(BUILT_PRODUCTS_DIR)/AssetTrackingExample.app/$(BUNDLE_EXECUTABLE_FOLDER_PATH)/AssetTrackingExample";
			};
			name = Release;
		};
		5EA70BBD2AA8569500760364 /* Debug */ = {
			isa = XCBuildConfiguration;
			buildSettings = {
				ALWAYS_EMBED_SWIFT_STANDARD_LIBRARIES = YES;
				CODE_SIGN_STYLE = Automatic;
				CURRENT_PROJECT_VERSION = 1;
				DEVELOPMENT_TEAM = YZF69WHR3X;
				GENERATE_INFOPLIST_FILE = YES;
				MARKETING_VERSION = 1.0;
				PRODUCT_BUNDLE_IDENTIFIER = com.nextbillion.ai.AssetTrackingExampleUITests;
				PRODUCT_NAME = "$(TARGET_NAME)";
				SWIFT_EMIT_LOC_STRINGS = NO;
				SWIFT_VERSION = 5.0;
				TARGETED_DEVICE_FAMILY = "1,2";
				TEST_TARGET_NAME = AssetTrackingExample;
			};
			name = Debug;
		};
		5EA70BBE2AA8569500760364 /* Release */ = {
			isa = XCBuildConfiguration;
			buildSettings = {
				ALWAYS_EMBED_SWIFT_STANDARD_LIBRARIES = YES;
				CODE_SIGN_STYLE = Automatic;
				CURRENT_PROJECT_VERSION = 1;
				DEVELOPMENT_TEAM = YZF69WHR3X;
				GENERATE_INFOPLIST_FILE = YES;
				MARKETING_VERSION = 1.0;
				PRODUCT_BUNDLE_IDENTIFIER = com.nextbillion.ai.AssetTrackingExampleUITests;
				PRODUCT_NAME = "$(TARGET_NAME)";
				SWIFT_EMIT_LOC_STRINGS = NO;
				SWIFT_VERSION = 5.0;
				TARGETED_DEVICE_FAMILY = "1,2";
				TEST_TARGET_NAME = AssetTrackingExample;
			};
			name = Release;
		};
/* End XCBuildConfiguration section */

/* Begin XCConfigurationList section */
		5EA70B872AA8569400760364 /* Build configuration list for PBXProject "AssetTrackingExample" */ = {
			isa = XCConfigurationList;
			buildConfigurations = (
				5EA70BB42AA8569500760364 /* Debug */,
				5EA70BB52AA8569500760364 /* Release */,
			);
			defaultConfigurationIsVisible = 0;
			defaultConfigurationName = Release;
		};
		5EA70BB62AA8569500760364 /* Build configuration list for PBXNativeTarget "AssetTrackingExample" */ = {
			isa = XCConfigurationList;
			buildConfigurations = (
				5EA70BB72AA8569500760364 /* Debug */,
				5EA70BB82AA8569500760364 /* Release */,
			);
			defaultConfigurationIsVisible = 0;
			defaultConfigurationName = Release;
		};
		5EA70BB92AA8569500760364 /* Build configuration list for PBXNativeTarget "AssetTrackingExampleTests" */ = {
			isa = XCConfigurationList;
			buildConfigurations = (
				5EA70BBA2AA8569500760364 /* Debug */,
				5EA70BBB2AA8569500760364 /* Release */,
			);
			defaultConfigurationIsVisible = 0;
			defaultConfigurationName = Release;
		};
		5EA70BBC2AA8569500760364 /* Build configuration list for PBXNativeTarget "AssetTrackingExampleUITests" */ = {
			isa = XCConfigurationList;
			buildConfigurations = (
				5EA70BBD2AA8569500760364 /* Debug */,
				5EA70BBE2AA8569500760364 /* Release */,
			);
			defaultConfigurationIsVisible = 0;
			defaultConfigurationName = Release;
		};
/* End XCConfigurationList section */
	};
	rootObject = 5EA70B842AA8569400760364 /* Project object */;
}
